
Microsoft Visual Studio Solution File, Format Version 12.00
# Visual Studio Version 17
VisualStudioVersion = 17.0.31903.59
MinimumVisualStudioVersion = 10.0.40219.1
Project("{2150E333-8FDC-42A3-9474-1A3956D46DE8}") = "src", "src", "{431C3A48-ED2A-401A-BB21-7247F85E63AD}"
EndProject
Project("{FAE04EC0-301F-11D3-BF4B-00C04F79EFBC}") = "BlogEngine.Site", "src\BlogEngine.Site\BlogEngine.Site.csproj", "{9F08999E-61E8-4551-A171-D2679A88177A}"
EndProject
Global
	GlobalSection(SolutionConfigurationPlatforms) = preSolution
		Debug|Any CPU = Debug|Any CPU
		Release|Any CPU = Release|Any CPU
	EndGlobalSection
	GlobalSection(SolutionProperties) = preSolution
		HideSolutionNode = FALSE
	EndGlobalSection
	GlobalSection(ProjectConfigurationPlatforms) = postSolution
		{9F08999E-61E8-4551-A171-D2679A88177A}.Debug|Any CPU.ActiveCfg = Debug|Any CPU
		{9F08999E-61E8-4551-A171-D2679A88177A}.Debug|Any CPU.Build.0 = Debug|Any CPU
		{9F08999E-61E8-4551-A171-D2679A88177A}.Release|Any CPU.ActiveCfg = Release|Any CPU
		{9F08999E-61E8-4551-A171-D2679A88177A}.Release|Any CPU.Build.0 = Release|Any CPU
	EndGlobalSection
	GlobalSection(NestedProjects) = preSolution
		{9F08999E-61E8-4551-A171-D2679A88177A} = {431C3A48-ED2A-401A-BB21-7247F85E63AD}
	EndGlobalSection
EndGlobal
